<?xml version="1.0" encoding="utf-8"?>
<Project ToolsVersion="4.0" xmlns="http://schemas.microsoft.com/developer/msbuild/2003">
  <ItemGroup>
    <Filter Include="Quelldateien">
      <UniqueIdentifier>{4FC737F1-C7A5-4376-A066-2A32D752A2FF}</UniqueIdentifier>
      <Extensions>cpp;c;cc;cxx;c++;cppm;ixx;def;odl;idl;hpj;bat;asm;asmx</Extensions>
    </Filter>
    <Filter Include="Headerdateien">
      <UniqueIdentifier>{93995380-89BD-4b04-88EB-625FBE52EBFB}</UniqueIdentifier>
      <Extensions>h;hh;hpp;hxx;h++;hm;inl;inc;ipp;xsd</Extensions>
    </Filter>
    <Filter Include="Ressourcendateien">
      <UniqueIdentifier>{67DA6AB6-F800-4c08-8B7A-83BB121AAD01}</UniqueIdentifier>
      <Extensions>rc;ico;cur;bmp;dlg;rc2;rct;bin;rgs;gif;jpg;jpeg;jpe;resx;tiff;tif;png;wav;mfcribbon-ms</Extensions>
    </Filter>
    <Filter Include="Ressourcendateien\Visual">
      <UniqueIdentifier>{bb3bb5ba-1443-439c-8b07-f204e59daab9}</UniqueIdentifier>
    </Filter>
    <Filter Include="Ressourcendateien\Audio">
      <UniqueIdentifier>{01a61418-6773-4f4e-a28e-be709f9ea1a7}</UniqueIdentifier>
    </Filter>
  </ItemGroup>
  <ItemGroup>
    <ClCompile Include="src\app.cpp">
      <Filter>Quelldateien</Filter>
    </ClCompile>
    <ClCompile Include="src\background.cpp">
      <Filter>Quelldateien</Filter>
    </ClCompile>
    <ClCompile Include="src\gameObject.cpp">
      <Filter>Quelldateien</Filter>
    </ClCompile>
    <ClCompile Include="src\globals.cpp">
      <Filter>Quelldateien</Filter>
    </ClCompile>
    <ClCompile Include="src\object1.cpp">
      <Filter>Quelldateien</Filter>
    </ClCompile>
    <ClCompile Include="src\object2.cpp">
      <Filter>Quelldateien</Filter>
    </ClCompile>
    <ClCompile Include="src\object3.cpp">
      <Filter>Quelldateien</Filter>
    </ClCompile>
    <ClCompile Include="src\object4.cpp">
      <Filter>Quelldateien</Filter>
    </ClCompile>
    <ClCompile Include="src\object5.cpp">
      <Filter>Quelldateien</Filter>
    </ClCompile>
  </ItemGroup>
  <ItemGroup>
    <ClInclude Include="srchd\app.h">
      <Filter>Headerdateien</Filter>
    </ClInclude>
    <ClInclude Include="srchd\background.h">
      <Filter>Headerdateien</Filter>
    </ClInclude>
    <ClInclude Include="srchd\gameobject.h">
      <Filter>Headerdateien</Filter>
    </ClInclude>
    <ClInclude Include="srchd\globals.h">
      <Filter>Headerdateien</Filter>
    </ClInclude>
    <ClInclude Include="srchd\object1.h">
      <Filter>Headerdateien</Filter>
    </ClInclude>
    <ClInclude Include="srchd\object2.h">
      <Filter>Headerdateien</Filter>
    </ClInclude>
    <ClInclude Include="srchd\object3.h">
      <Filter>Headerdateien</Filter>
    </ClInclude>
    <ClInclude Include="srchd\object4.h">
      <Filter>Headerdateien</Filter>
    </ClInclude>
    <ClInclude Include="srchd\object5.h">
      <Filter>Headerdateien</Filter>
    </ClInclude>
  </ItemGroup>
  <ItemGroup>
    <None Include=".gitignore">
      <Filter>Ressourcendateien</Filter>
    </None>
    <None Include="README.md">
      <Filter>Ressourcendateien</Filter>
    </None>
    <None Include="packages.config" />
  </ItemGroup>
  <ItemGroup>
    <Image Include="assets\img.png">
      <Filter>Ressourcendateien\Visual</Filter>
    </Image>
    <Image Include="assets\obj1.png">
      <Filter>Ressourcendateien\Visual</Filter>
    </Image>
    <Image Include="assets\obj2.png">
      <Filter>Ressourcendateien\Visual</Filter>
    </Image>
    <Image Include="assets\obj3.png">
      <Filter>Ressourcendateien\Visual</Filter>
    </Image>
    <Image Include="assets\obj4.png">
      <Filter>Ressourcendateien\Visual</Filter>
    </Image>
    <Image Include="assets\obj5.png">
      <Filter>Ressourcendateien\Visual</Filter>
    </Image>
  </ItemGroup>
</Project>