
Microsoft Visual Studio Solution File, Format Version 12.00
# Visual Studio Version 17
VisualStudioVersion = 17.5.33103.201
MinimumVisualStudioVersion = 10.0.40219.1
Project("{8BC9CEB8-8B4A-11D0-8D11-00A0C91BC942}") = "Touhou", "Touhou.vcxproj", "{373ABFDB-6F00-4C1E-A8EF-E778D50FDCEB}"
EndProject
Global
	GlobalSection(SolutionConfigurationPlatforms) = preSolution
		Debug|x64 = Debug|x64
		Debug|x86 = Debug|x86
		Release|x64 = Release|x64
		Release|x86 = Release|x86
	EndGlobalSection
	GlobalSection(ProjectConfigurationPlatforms) = postSolution
		{373ABFDB-6F00-4C1E-A8EF-E778D50FDCEB}.Debug|x64.ActiveCfg = Debug|x64
		{373ABFDB-6F00-4C1E-A8EF-E778D50FDCEB}.Debug|x64.Build.0 = Debug|x64
		{373ABFDB-6F00-4C1E-A8EF-E778D50FDCEB}.Debug|x86.ActiveCfg = Debug|Win32
		{373ABFDB-6F00-4C1E-A8EF-E778D50FDCEB}.Debug|x86.Build.0 = Debug|Win32
		{373ABFDB-6F00-4C1E-A8EF-E778D50FDCEB}.Release|x64.ActiveCfg = Release|x64
		{373ABFDB-6F00-4C1E-A8EF-E778D50FDCEB}.Release|x64.Build.0 = Release|x64
		{373ABFDB-6F00-4C1E-A8EF-E778D50FDCEB}.Release|x86.ActiveCfg = Release|Win32
		{373ABFDB-6F00-4C1E-A8EF-E778D50FDCEB}.Release|x86.Build.0 = Release|Win32
	EndGlobalSection
	GlobalSection(SolutionProperties) = preSolution
		HideSolutionNode = FALSE
	EndGlobalSection
	GlobalSection(ExtensibilityGlobals) = postSolution
		SolutionGuid = {608AC3FD-EC01-4D13-9478-296538ADD668}
	EndGlobalSection
EndGlobal
